<?xml version="1.0" encoding="utf-8"?>
<Project ToolsVersion="4.0" xmlns="http://schemas.microsoft.com/developer/msbuild/2003">
  <ItemGroup>
    <Filter Include="Source Files">
      <UniqueIdentifier>{4FC737F1-C7A5-4376-A066-2A32D752A2FF}</UniqueIdentifier>
      <Extensions>cpp;c;cc;cxx;def;odl;idl;hpj;bat;asm;asmx</Extensions>
    </Filter>
    <Filter Include="Header Files">
      <UniqueIdentifier>{93995380-89BD-4b04-88EB-625FBE52EBFB}</UniqueIdentifier>
      <Extensions>h;hh;hpp;hxx;hm;inl;inc;ipp;xsd</Extensions>
    </Filter>
    <Filter Include="Resource Files">
      <UniqueIdentifier>{67DA6AB6-F800-4c08-8B7A-83BB121AAD01}</UniqueIdentifier>
      <Extensions>rc;ico;cur;bmp;dlg;rc2;rct;bin;rgs;gif;jpg;jpeg;jpe;resx;tiff;tif;png;wav;mfcribbon-ms</Extensions>
    </Filter>
  </ItemGroup>
  <ItemGroup>
    <ClCompile Include="Resurse.cpp">
      <Filter>Source Files</Filter>
    </ClCompile>
    <ClCompile Include="ResurseFinanciare.cpp">
      <Filter>Source Files</Filter>
    </ClCompile>
    <ClCompile Include="Util.cpp">
      <Filter>Source Files</Filter>
    </ClCompile>
    <ClCompile Include="ResurseMateriale.cpp">
      <Filter>Source Files</Filter>
    </ClCompile>
    <ClCompile Include="RepoFile.cpp">
      <Filter>Source Files</Filter>
    </ClCompile>
    <ClCompile Include="RepoFileCSV.cpp">
      <Filter>Source Files</Filter>
    </ClCompile>
    <ClCompile Include="RepoFileTXT.cpp">
      <Filter>Source Files</Filter>
    </ClCompile>
    <ClCompile Include="App.cpp">
      <Filter>Source Files</Filter>
    </ClCompile>
    <ClCompile Include="TestResurse.cpp">
      <Filter>Source Files</Filter>
    </ClCompile>
    <ClCompile Include="TestResurseFinanciare.cpp">
      <Filter>Source Files</Filter>
    </ClCompile>
    <ClCompile Include="TestResuresMateriale.cpp">
      <Filter>Source Files</Filter>
    </ClCompile>
    <ClCompile Include="TestRepoFile.cpp">
      <Filter>Source Files</Filter>
    </ClCompile>
    <ClCompile Include="User.cpp">
      <Filter>Source Files</Filter>
    </ClCompile>
    <ClCompile Include="TestController.cpp">
      <Filter>Source Files</Filter>
    </ClCompile>
    <ClCompile Include="ValidatorResurseFinanciare.cpp">
      <Filter>Source Files</Filter>
    </ClCompile>
    <ClCompile Include="ValidatorResurse.cpp">
      <Filter>Source Files</Filter>
    </ClCompile>
    <ClCompile Include="ValidatorResurseMateriale.cpp">
      <Filter>Source Files</Filter>
    </ClCompile>
    <ClCompile Include="Controller.cpp">
      <Filter>Source Files</Filter>
    </ClCompile>
    <ClCompile Include="TestValidatorResurse.cpp">
      <Filter>Source Files</Filter>
    </ClCompile>
    <ClCompile Include="UI.cpp">
      <Filter>Source Files</Filter>
    </ClCompile>
  </ItemGroup>
  <ItemGroup>
    <ClInclude Include="Resurse.h">
      <Filter>Header Files</Filter>
    </ClInclude>
    <ClInclude Include="ResurseFinanciare.h">
      <Filter>Header Files</Filter>
    </ClInclude>
    <ClInclude Include="Util.h">
      <Filter>Header Files</Filter>
    </ClInclude>
    <ClInclude Include="ResurseMateriale.h">
      <Filter>Header Files</Filter>
    </ClInclude>
    <ClInclude Include="RepoFile.h">
      <Filter>Header Files</Filter>
    </ClInclude>
    <ClInclude Include="RepoFileCSV.h">
      <Filter>Header Files</Filter>
    </ClInclude>
    <ClInclude Include="RepoFileTXT.h">
      <Filter>Header Files</Filter>
    </ClInclude>
    <ClInclude Include="TestResurse.h">
      <Filter>Header Files</Filter>
    </ClInclude>
    <ClInclude Include="TestResurseFinanciare.h">
      <Filter>Header Files</Filter>
    </ClInclude>
    <ClInclude Include="TestResurseMateriale.h">
      <Filter>Header Files</Filter>
    </ClInclude>
    <ClInclude Include="TestRepoFile.h">
      <Filter>Header Files</Filter>
    </ClInclude>
    <ClInclude Include="User.h">
      <Filter>Header Files</Filter>
    </ClInclude>
    <ClInclude Include="Controller.h">
      <Filter>Header Files</Filter>
    </ClInclude>
    <ClInclude Include="TestController.h">
      <Filter>Header Files</Filter>
    </ClInclude>
    <ClInclude Include="ReadFromFileException.h">
      <Filter>Header Files</Filter>
    </ClInclude>
    <ClInclude Include="RepoException.h">
      <Filter>Header Files</Filter>
    </ClInclude>
    <ClInclude Include="ValidatorResurseFinanciare.h">
      <Filter>Header Files</Filter>
    </ClInclude>
    <ClInclude Include="ValidatorResurseMateriale.h">
      <Filter>Header Files</Filter>
    </ClInclude>
    <ClInclude Include="ValidatorResurse.h">
      <Filter>Header Files</Filter>
    </ClInclude>
    <ClInclude Include="ValidationException.h">
      <Filter>Header Files</Filter>
    </ClInclude>
    <ClInclude Include="TestValidatorResurse.h">
      <Filter>Header Files</Filter>
    </ClInclude>
    <ClInclude Include="UI.h">
      <Filter>Header Files</Filter>
    </ClInclude>
  </ItemGroup>
  <ItemGroup>
    <Text Include="TestResurseMateriale.txt">
      <Filter>Source Files</Filter>
    </Text>
    <Text Include="TestResurseFinanciare.txt">
      <Filter>Source Files</Filter>
    </Text>
    <Text Include="Fisier.txt">
      <Filter>Resource Files</Filter>
    </Text>
    <Text Include="TestResurseIn.txt">
      <Filter>Resource Files</Filter>
    </Text>
    <Text Include="TestResurseInvalid.txt">
      <Filter>Resource Files</Filter>
    </Text>
    <Text Include="TestResurseOut.txt">
      <Filter>Resource Files</Filter>
    </Text>
    <Text Include="User.txt">
      <Filter>Resource Files</Filter>
    </Text>
  </ItemGroup>
  <ItemGroup>
    <None Include="TestResurseMateriale.csv">
      <Filter>Source Files</Filter>
    </None>
    <None Include="Fisier.csv">
      <Filter>Resource Files</Filter>
    </None>
    <None Include="TestResurseIn.csv">
      <Filter>Resource Files</Filter>
    </None>
    <None Include="TestResurseInvalid.csv">
      <Filter>Resource Files</Filter>
    </None>
    <None Include="TestResurseOut.csv">
      <Filter>Resource Files</Filter>
    </None>
  </ItemGroup>
</Project>